
Microsoft Visual Studio Solution File, Format Version 12.00
# Visual Studio Version 17
VisualStudioVersion = 17.0.31919.166
MinimumVisualStudioVersion = 10.0.40219.1
Project("{9A19103F-16F7-4668-BE54-9A1E7A4F7556}") = "Airlines", "Airlines\Airlines.csproj", "{DF54EAB3-B185-4CE8-9B43-9E6571795252}"
EndProject
Project("{9A19103F-16F7-4668-BE54-9A1E7A4F7556}") = "Library", "Library\Library.csproj", "{BEC4B3F8-84BC-4737-A29B-7DD2BE5EDC05}"
EndProject
Project("{FAE04EC0-301F-11D3-BF4B-00C04F79EFBC}") = "UnitTest", "UnitTest\UnitTest.csproj", "{B05FCAB2-2E44-41B7-B84B-B5243C963717}"
EndProject
Global
	GlobalSection(SolutionConfigurationPlatforms) = preSolution
		Debug|Any CPU = Debug|Any CPU
		Release|Any CPU = Release|Any CPU
	EndGlobalSection
	GlobalSection(ProjectConfigurationPlatforms) = postSolution
		{DF54EAB3-B185-4CE8-9B43-9E6571795252}.Debug|Any CPU.ActiveCfg = Debug|Any CPU
		{DF54EAB3-B185-4CE8-9B43-9E6571795252}.Debug|Any CPU.Build.0 = Debug|Any CPU
		{DF54EAB3-B185-4CE8-9B43-9E6571795252}.Release|Any CPU.ActiveCfg = Release|Any CPU
		{DF54EAB3-B185-4CE8-9B43-9E6571795252}.Release|Any CPU.Build.0 = Release|Any CPU
		{BEC4B3F8-84BC-4737-A29B-7DD2BE5EDC05}.Debug|Any CPU.ActiveCfg = Debug|Any CPU
		{BEC4B3F8-84BC-4737-A29B-7DD2BE5EDC05}.Debug|Any CPU.Build.0 = Debug|Any CPU
		{BEC4B3F8-84BC-4737-A29B-7DD2BE5EDC05}.Release|Any CPU.ActiveCfg = Release|Any CPU
		{BEC4B3F8-84BC-4737-A29B-7DD2BE5EDC05}.Release|Any CPU.Build.0 = Release|Any CPU
		{B05FCAB2-2E44-41B7-B84B-B5243C963717}.Debug|Any CPU.ActiveCfg = Debug|Any CPU
		{B05FCAB2-2E44-41B7-B84B-B5243C963717}.Debug|Any CPU.Build.0 = Debug|Any CPU
		{B05FCAB2-2E44-41B7-B84B-B5243C963717}.Release|Any CPU.ActiveCfg = Release|Any CPU
		{B05FCAB2-2E44-41B7-B84B-B5243C963717}.Release|Any CPU.Build.0 = Release|Any CPU
	EndGlobalSection
	GlobalSection(SolutionProperties) = preSolution
		HideSolutionNode = FALSE
	EndGlobalSection
	GlobalSection(ExtensibilityGlobals) = postSolution
		SolutionGuid = {0C7605C6-289B-46A2-8812-F3C693D0EF89}
	EndGlobalSection
EndGlobal
